// !$*UTF8*$!
{
	archiveVersion = 1;
	classes = {
	};
	objectVersion = 50;
	objects = {

/* Begin PBXFileReference section */
		03F57B2E256746A400E49C60 /* MovementDetails_iOS */ = {isa = PBXFileReference; lastKnownFileType = folder; path = MovementDetails_iOS; sourceTree = "<group>"; };
		03F57B2F256746AF00E49C60 /* MovementList_iOS */ = {isa = PBXFileReference; lastKnownFileType = folder; path = MovementList_iOS; sourceTree = "<group>"; };
		03F57B30256746B600E49C60 /* MovementListCommon */ = {isa = PBXFileReference; lastKnownFileType = folder; path = MovementListCommon; sourceTree = "<group>"; };
/* End PBXFileReference section */

/* Begin PBXGroup section */
		03D6D81F25674632003C3463 = {
			isa = PBXGroup;
			children = (
				03F57B30256746B600E49C60 /* MovementListCommon */,
				03F57B2F256746AF00E49C60 /* MovementList_iOS */,
				03F57B2E256746A400E49C60 /* MovementDetails_iOS */,
			);
			sourceTree = "<group>";
		};
/* End PBXGroup section */

/* Begin PBXProject section */
		03D6D82025674632003C3463 /* Project object */ = {
			isa = PBXProject;
			attributes = {
				LastUpgradeCheck = 1220;
			};
			buildConfigurationList = 03D6D82325674632003C3463 /* Build configuration list for PBXProject "MovementList" */;
			compatibilityVersion = "Xcode 9.3";
			developmentRegion = en;
			hasScannedForEncodings = 0;
			knownRegions = (
				en,
				Base,
			);
			mainGroup = 03D6D81F25674632003C3463;
			projectDirPath = "";
			projectRoot = "";
			targets = (
			);
		};
/* End PBXProject section */

/* Begin XCBuildConfiguration section */
		03D6D82425674632003C3463 /* Debug */ = {
			isa = XCBuildConfiguration;
			buildSettings = {
			};
			name = Debug;
		};
		03D6D82525674632003C3463 /* Release */ = {
			isa = XCBuildConfiguration;
			buildSettings = {
			};
			name = Release;
		};
/* End XCBuildConfiguration section */

/* Begin XCConfigurationList section */
		03D6D82325674632003C3463 /* Build configuration list for PBXProject "MovementList" */ = {
			isa = XCConfigurationList;
			buildConfigurations = (
				03D6D82425674632003C3463 /* Debug */,
				03D6D82525674632003C3463 /* Release */,
			);
			defaultConfigurationIsVisible = 0;
			defaultConfigurationName = Release;
		};
/* End XCConfigurationList section */
	};
	rootObject = 03D6D82025674632003C3463 /* Project object */;
}
